
Microsoft Visual Studio Solution File, Format Version 11.00
# Visual Studio 2010
Project("{8BC9CEB8-8B4A-11D0-8D11-00A0C91BC942}") = "GraduationDesign", "GraduationDesign\GraduationDesign.vcxproj", "{FE9EED8F-0392-4F0A-AB00-5619A9C32D65}"
EndProject
Global
	GlobalSection(SolutionConfigurationPlatforms) = preSolution
		Debug|Win32 = Debug|Win32
		Release|Win32 = Release|Win32
	EndGlobalSection
	GlobalSection(ProjectConfigurationPlatforms) = postSolution
		{FE9EED8F-0392-4F0A-AB00-5619A9C32D65}.Debug|Win32.ActiveCfg = Release|Win32
		{FE9EED8F-0392-4F0A-AB00-5619A9C32D65}.Debug|Win32.Build.0 = Release|Win32
		{FE9EED8F-0392-4F0A-AB00-5619A9C32D65}.Release|Win32.ActiveCfg = Release|Win32
		{FE9EED8F-0392-4F0A-AB00-5619A9C32D65}.Release|Win32.Build.0 = Release|Win32
	EndGlobalSection
	GlobalSection(SolutionProperties) = preSolution
		HideSolutionNode = FALSE
	EndGlobalSection
EndGlobal
